
Microsoft Visual Studio Solution File, Format Version 12.00
# Visual Studio 15
Project("{FAE04EC0-301F-11D3-BF4B-00C04F79EFBC}") = "Assembly-CSharp", "Assembly-CSharp.csproj", "{4E4728C0-21C9-B188-200A-D1784EF6D8CD}"
EndProject
Project("{FAE04EC0-301F-11D3-BF4B-00C04F79EFBC}") = "Assembly-CSharp-Editor", "Assembly-CSharp-Editor.csproj", "{B5691D03-E654-4F1F-365E-C2F38F8B38B2}"
EndProject
Global
	GlobalSection(SolutionConfigurationPlatforms) = preSolution
		Debug|Any CPU = Debug|Any CPU
		Release|Any CPU = Release|Any CPU
	EndGlobalSection
	GlobalSection(ProjectConfigurationPlatforms) = postSolution
		{4E4728C0-21C9-B188-200A-D1784EF6D8CD}.Debug|Any CPU.ActiveCfg = Debug|Any CPU
		{4E4728C0-21C9-B188-200A-D1784EF6D8CD}.Debug|Any CPU.Build.0 = Debug|Any CPU
		{4E4728C0-21C9-B188-200A-D1784EF6D8CD}.Release|Any CPU.ActiveCfg = Release|Any CPU
		{4E4728C0-21C9-B188-200A-D1784EF6D8CD}.Release|Any CPU.Build.0 = Release|Any CPU
		{B5691D03-E654-4F1F-365E-C2F38F8B38B2}.Debug|Any CPU.ActiveCfg = Debug|Any CPU
		{B5691D03-E654-4F1F-365E-C2F38F8B38B2}.Debug|Any CPU.Build.0 = Debug|Any CPU
		{B5691D03-E654-4F1F-365E-C2F38F8B38B2}.Release|Any CPU.ActiveCfg = Release|Any CPU
		{B5691D03-E654-4F1F-365E-C2F38F8B38B2}.Release|Any CPU.Build.0 = Release|Any CPU
	EndGlobalSection
	GlobalSection(SolutionProperties) = preSolution
		HideSolutionNode = FALSE
	EndGlobalSection
EndGlobal
